// !$*UTF8*$!
{
	archiveVersion = 1;
	classes = {
	};
	objectVersion = 55;
	objects = {

/* Begin PBXBuildFile section */
		543B2A82288D026F00B21A8A /* UILabel+Extension.swift in Sources */ = {isa = PBXBuildFile; fileRef = 543B2A81288D026F00B21A8A /* UILabel+Extension.swift */; };
		543B2A84288D027900B21A8A /* UIButton+Extension.swift in Sources */ = {isa = PBXBuildFile; fileRef = 543B2A83288D027900B21A8A /* UIButton+Extension.swift */; };
		543B2A88288D28E800B21A8A /* CharacterInfo.swift in Sources */ = {isa = PBXBuildFile; fileRef = 543B2A87288D28E800B21A8A /* CharacterInfo.swift */; };
		543B2A8A288D2A5300B21A8A /* Character.swift in Sources */ = {isa = PBXBuildFile; fileRef = 543B2A89288D2A5300B21A8A /* Character.swift */; };
		544DC0B0288C074500D08379 /* UITableViewController+Extension.swift in Sources */ = {isa = PBXBuildFile; fileRef = 544DC0AF288C074500D08379 /* UITableViewController+Extension.swift */; };
		544DC0B2288C114200D08379 /* UIColor+Extension.swift in Sources */ = {isa = PBXBuildFile; fileRef = 544DC0B1288C114200D08379 /* UIColor+Extension.swift */; };
		544DC0B4288C196E00D08379 /* UIViewController+Extension.swift in Sources */ = {isa = PBXBuildFile; fileRef = 544DC0B3288C196E00D08379 /* UIViewController+Extension.swift */; };
		544DC0B6288C19DD00D08379 /* UICollectionViewController+Extension.swift in Sources */ = {isa = PBXBuildFile; fileRef = 544DC0B5288C19DD00D08379 /* UICollectionViewController+Extension.swift */; };
		54A66E6A288ED90500AD8205 /* IQKeyboardManagerSwift in Frameworks */ = {isa = PBXBuildFile; productRef = 54A66E69288ED90500AD8205 /* IQKeyboardManagerSwift */; };
		54C1F5FE288A77F7001DA380 /* AppDelegate.swift in Sources */ = {isa = PBXBuildFile; fileRef = 54C1F5FD288A77F7001DA380 /* AppDelegate.swift */; };
		54C1F600288A77F7001DA380 /* SceneDelegate.swift in Sources */ = {isa = PBXBuildFile; fileRef = 54C1F5FF288A77F7001DA380 /* SceneDelegate.swift */; };
		54C1F605288A77F7001DA380 /* Main.storyboard in Resources */ = {isa = PBXBuildFile; fileRef = 54C1F603288A77F7001DA380 /* Main.storyboard */; };
		54C1F607288A77F7001DA380 /* Assets.xcassets in Resources */ = {isa = PBXBuildFile; fileRef = 54C1F606288A77F7001DA380 /* Assets.xcassets */; };
		54C1F60A288A77F7001DA380 /* LaunchScreen.storyboard in Resources */ = {isa = PBXBuildFile; fileRef = 54C1F608288A77F7001DA380 /* LaunchScreen.storyboard */; };
		54C1F612288A84D4001DA380 /* SelectCollectionViewController.swift in Sources */ = {isa = PBXBuildFile; fileRef = 54C1F611288A84D4001DA380 /* SelectCollectionViewController.swift */; };
		54C1F614288A8FB3001DA380 /* MainViewController.swift in Sources */ = {isa = PBXBuildFile; fileRef = 54C1F613288A8FB3001DA380 /* MainViewController.swift */; };
		54C1F616288A9725001DA380 /* SettingTableViewController.swift in Sources */ = {isa = PBXBuildFile; fileRef = 54C1F615288A9725001DA380 /* SettingTableViewController.swift */; };
		54C1F618288A978E001DA380 /* NameChangeViewController.swift in Sources */ = {isa = PBXBuildFile; fileRef = 54C1F617288A978E001DA380 /* NameChangeViewController.swift */; };
		54C1F61C288A9FCD001DA380 /* SelectCollectionViewCell.swift in Sources */ = {isa = PBXBuildFile; fileRef = 54C1F61B288A9FCD001DA380 /* SelectCollectionViewCell.swift */; };
		54C1F622288AA21A001DA380 /* Select.storyboard in Resources */ = {isa = PBXBuildFile; fileRef = 54C1F621288AA21A001DA380 /* Select.storyboard */; };
		54C1F625288AA2BC001DA380 /* Setting.storyboard in Resources */ = {isa = PBXBuildFile; fileRef = 54C1F624288AA2BC001DA380 /* Setting.storyboard */; };
		54C1F627288AB5D7001DA380 /* DetailViewController.swift in Sources */ = {isa = PBXBuildFile; fileRef = 54C1F626288AB5D7001DA380 /* DetailViewController.swift */; };
/* End PBXBuildFile section */

/* Begin PBXFileReference section */
		543B2A81288D026F00B21A8A /* UILabel+Extension.swift */ = {isa = PBXFileReference; lastKnownFileType = sourcecode.swift; path = "UILabel+Extension.swift"; sourceTree = "<group>"; };
		543B2A83288D027900B21A8A /* UIButton+Extension.swift */ = {isa = PBXFileReference; lastKnownFileType = sourcecode.swift; path = "UIButton+Extension.swift"; sourceTree = "<group>"; };
		543B2A87288D28E800B21A8A /* CharacterInfo.swift */ = {isa = PBXFileReference; lastKnownFileType = sourcecode.swift; path = CharacterInfo.swift; sourceTree = "<group>"; };
		543B2A89288D2A5300B21A8A /* Character.swift */ = {isa = PBXFileReference; lastKnownFileType = sourcecode.swift; path = Character.swift; sourceTree = "<group>"; };
		544DC0AF288C074500D08379 /* UITableViewController+Extension.swift */ = {isa = PBXFileReference; lastKnownFileType = sourcecode.swift; path = "UITableViewController+Extension.swift"; sourceTree = "<group>"; };
		544DC0B1288C114200D08379 /* UIColor+Extension.swift */ = {isa = PBXFileReference; lastKnownFileType = sourcecode.swift; path = "UIColor+Extension.swift"; sourceTree = "<group>"; };
		544DC0B3288C196E00D08379 /* UIViewController+Extension.swift */ = {isa = PBXFileReference; lastKnownFileType = sourcecode.swift; path = "UIViewController+Extension.swift"; sourceTree = "<group>"; };
		544DC0B5288C19DD00D08379 /* UICollectionViewController+Extension.swift */ = {isa = PBXFileReference; lastKnownFileType = sourcecode.swift; path = "UICollectionViewController+Extension.swift"; sourceTree = "<group>"; };
		54C1F5FA288A77F7001DA380 /* Tamagotchi.app */ = {isa = PBXFileReference; explicitFileType = wrapper.application; includeInIndex = 0; path = Tamagotchi.app; sourceTree = BUILT_PRODUCTS_DIR; };
		54C1F5FD288A77F7001DA380 /* AppDelegate.swift */ = {isa = PBXFileReference; lastKnownFileType = sourcecode.swift; path = AppDelegate.swift; sourceTree = "<group>"; };
		54C1F5FF288A77F7001DA380 /* SceneDelegate.swift */ = {isa = PBXFileReference; lastKnownFileType = sourcecode.swift; path = SceneDelegate.swift; sourceTree = "<group>"; };
		54C1F604288A77F7001DA380 /* Base */ = {isa = PBXFileReference; lastKnownFileType = file.storyboard; name = Base; path = Base.lproj/Main.storyboard; sourceTree = "<group>"; };
		54C1F606288A77F7001DA380 /* Assets.xcassets */ = {isa = PBXFileReference; lastKnownFileType = folder.assetcatalog; path = Assets.xcassets; sourceTree = "<group>"; };
		54C1F609288A77F7001DA380 /* Base */ = {isa = PBXFileReference; lastKnownFileType = file.storyboard; name = Base; path = Base.lproj/LaunchScreen.storyboard; sourceTree = "<group>"; };
		54C1F60B288A77F7001DA380 /* Info.plist */ = {isa = PBXFileReference; lastKnownFileType = text.plist.xml; path = Info.plist; sourceTree = "<group>"; };
		54C1F611288A84D4001DA380 /* SelectCollectionViewController.swift */ = {isa = PBXFileReference; lastKnownFileType = sourcecode.swift; path = SelectCollectionViewController.swift; sourceTree = "<group>"; };
		54C1F613288A8FB3001DA380 /* MainViewController.swift */ = {isa = PBXFileReference; lastKnownFileType = sourcecode.swift; path = MainViewController.swift; sourceTree = "<group>"; };
		54C1F615288A9725001DA380 /* SettingTableViewController.swift */ = {isa = PBXFileReference; lastKnownFileType = sourcecode.swift; path = SettingTableViewController.swift; sourceTree = "<group>"; };
		54C1F617288A978E001DA380 /* NameChangeViewController.swift */ = {isa = PBXFileReference; lastKnownFileType = sourcecode.swift; path = NameChangeViewController.swift; sourceTree = "<group>"; };
		54C1F61B288A9FCD001DA380 /* SelectCollectionViewCell.swift */ = {isa = PBXFileReference; lastKnownFileType = sourcecode.swift; path = SelectCollectionViewCell.swift; sourceTree = "<group>"; };
		54C1F621288AA21A001DA380 /* Select.storyboard */ = {isa = PBXFileReference; lastKnownFileType = file.storyboard; path = Select.storyboard; sourceTree = "<group>"; };
		54C1F624288AA2BC001DA380 /* Setting.storyboard */ = {isa = PBXFileReference; lastKnownFileType = file.storyboard; path = Setting.storyboard; sourceTree = "<group>"; };
		54C1F626288AB5D7001DA380 /* DetailViewController.swift */ = {isa = PBXFileReference; lastKnownFileType = sourcecode.swift; path = DetailViewController.swift; sourceTree = "<group>"; };
/* End PBXFileReference section */

/* Begin PBXFrameworksBuildPhase section */
		54C1F5F7288A77F7001DA380 /* Frameworks */ = {
			isa = PBXFrameworksBuildPhase;
			buildActionMask = 2147483647;
			files = (
				54A66E6A288ED90500AD8205 /* IQKeyboardManagerSwift in Frameworks */,
			);
			runOnlyForDeploymentPostprocessing = 0;
		};
/* End PBXFrameworksBuildPhase section */

/* Begin PBXGroup section */
		544DC0AE288C072000D08379 /* Extension */ = {
			isa = PBXGroup;
			children = (
				544DC0AF288C074500D08379 /* UITableViewController+Extension.swift */,
				544DC0B1288C114200D08379 /* UIColor+Extension.swift */,
				544DC0B3288C196E00D08379 /* UIViewController+Extension.swift */,
				543B2A81288D026F00B21A8A /* UILabel+Extension.swift */,
				544DC0B5288C19DD00D08379 /* UICollectionViewController+Extension.swift */,
				543B2A83288D027900B21A8A /* UIButton+Extension.swift */,
			);
			path = Extension;
			sourceTree = "<group>";
		};
		54C1F5F1288A77F7001DA380 = {
			isa = PBXGroup;
			children = (
				54C1F5FC288A77F7001DA380 /* Tamagotchi */,
				54C1F5FB288A77F7001DA380 /* Products */,
			);
			sourceTree = "<group>";
		};
		54C1F5FB288A77F7001DA380 /* Products */ = {
			isa = PBXGroup;
			children = (
				54C1F5FA288A77F7001DA380 /* Tamagotchi.app */,
			);
			name = Products;
			sourceTree = "<group>";
		};
		54C1F5FC288A77F7001DA380 /* Tamagotchi */ = {
			isa = PBXGroup;
			children = (
				54C1F5FD288A77F7001DA380 /* AppDelegate.swift */,
				54C1F5FF288A77F7001DA380 /* SceneDelegate.swift */,
				544DC0AE288C072000D08379 /* Extension */,
				54C1F61D288AA049001DA380 /* FirstSelect */,
				54C1F620288AA1DA001DA380 /* Main */,
				54C1F623288AA2A8001DA380 /* Setting */,
				54C1F608288A77F7001DA380 /* LaunchScreen.storyboard */,
				54C1F606288A77F7001DA380 /* Assets.xcassets */,
				54C1F60B288A77F7001DA380 /* Info.plist */,
			);
			path = Tamagotchi;
			sourceTree = "<group>";
		};
		54C1F61D288AA049001DA380 /* FirstSelect */ = {
			isa = PBXGroup;
			children = (
				54C1F621288AA21A001DA380 /* Select.storyboard */,
				54C1F61B288A9FCD001DA380 /* SelectCollectionViewCell.swift */,
				54C1F611288A84D4001DA380 /* SelectCollectionViewController.swift */,
				54C1F626288AB5D7001DA380 /* DetailViewController.swift */,
			);
			path = FirstSelect;
			sourceTree = "<group>";
		};
		54C1F620288AA1DA001DA380 /* Main */ = {
			isa = PBXGroup;
			children = (
				54C1F603288A77F7001DA380 /* Main.storyboard */,
				54C1F613288A8FB3001DA380 /* MainViewController.swift */,
				543B2A87288D28E800B21A8A /* CharacterInfo.swift */,
				543B2A89288D2A5300B21A8A /* Character.swift */,
			);
			path = Main;
			sourceTree = "<group>";
		};
		54C1F623288AA2A8001DA380 /* Setting */ = {
			isa = PBXGroup;
			children = (
				54C1F615288A9725001DA380 /* SettingTableViewController.swift */,
				54C1F624288AA2BC001DA380 /* Setting.storyboard */,
				54C1F617288A978E001DA380 /* NameChangeViewController.swift */,
			);
			path = Setting;
			sourceTree = "<group>";
		};
/* End PBXGroup section */

/* Begin PBXNativeTarget section */
		54C1F5F9288A77F7001DA380 /* Tamagotchi */ = {
			isa = PBXNativeTarget;
			buildConfigurationList = 54C1F60E288A77F7001DA380 /* Build configuration list for PBXNativeTarget "Tamagotchi" */;
			buildPhases = (
				54C1F5F6288A77F7001DA380 /* Sources */,
				54C1F5F7288A77F7001DA380 /* Frameworks */,
				54C1F5F8288A77F7001DA380 /* Resources */,
			);
			buildRules = (
			);
			dependencies = (
			);
			name = Tamagotchi;
			packageProductDependencies = (
				54A66E69288ED90500AD8205 /* IQKeyboardManagerSwift */,
			);
			productName = Tamagotchi;
			productReference = 54C1F5FA288A77F7001DA380 /* Tamagotchi.app */;
			productType = "com.apple.product-type.application";
		};
/* End PBXNativeTarget section */

/* Begin PBXProject section */
		54C1F5F2288A77F7001DA380 /* Project object */ = {
			isa = PBXProject;
			attributes = {
				BuildIndependentTargetsInParallel = 1;
				LastSwiftUpdateCheck = 1340;
				LastUpgradeCheck = 1340;
				TargetAttributes = {
					54C1F5F9288A77F7001DA380 = {
						CreatedOnToolsVersion = 13.4.1;
					};
				};
			};
			buildConfigurationList = 54C1F5F5288A77F7001DA380 /* Build configuration list for PBXProject "Tamagotchi" */;
			compatibilityVersion = "Xcode 13.0";
			developmentRegion = en;
			hasScannedForEncodings = 0;
			knownRegions = (
				en,
				Base,
			);
			mainGroup = 54C1F5F1288A77F7001DA380;
			packageReferences = (
				54A66E68288ED90500AD8205 /* XCRemoteSwiftPackageReference "IQKeyboardManager" */,
			);
			productRefGroup = 54C1F5FB288A77F7001DA380 /* Products */;
			projectDirPath = "";
			projectRoot = "";
			targets = (
				54C1F5F9288A77F7001DA380 /* Tamagotchi */,
			);
		};
/* End PBXProject section */

/* Begin PBXResourcesBuildPhase section */
		54C1F5F8288A77F7001DA380 /* Resources */ = {
			isa = PBXResourcesBuildPhase;
			buildActionMask = 2147483647;
			files = (
				54C1F622288AA21A001DA380 /* Select.storyboard in Resources */,
				54C1F60A288A77F7001DA380 /* LaunchScreen.storyboard in Resources */,
				54C1F625288AA2BC001DA380 /* Setting.storyboard in Resources */,
				54C1F607288A77F7001DA380 /* Assets.xcassets in Resources */,
				54C1F605288A77F7001DA380 /* Main.storyboard in Resources */,
			);
			runOnlyForDeploymentPostprocessing = 0;
		};
/* End PBXResourcesBuildPhase section */

/* Begin PBXSourcesBuildPhase section */
		54C1F5F6288A77F7001DA380 /* Sources */ = {
			isa = PBXSourcesBuildPhase;
			buildActionMask = 2147483647;
			files = (
				54C1F61C288A9FCD001DA380 /* SelectCollectionViewCell.swift in Sources */,
				544DC0B4288C196E00D08379 /* UIViewController+Extension.swift in Sources */,
				54C1F618288A978E001DA380 /* NameChangeViewController.swift in Sources */,
				54C1F616288A9725001DA380 /* SettingTableViewController.swift in Sources */,
				54C1F5FE288A77F7001DA380 /* AppDelegate.swift in Sources */,
				54C1F612288A84D4001DA380 /* SelectCollectionViewController.swift in Sources */,
				54C1F600288A77F7001DA380 /* SceneDelegate.swift in Sources */,
				543B2A8A288D2A5300B21A8A /* Character.swift in Sources */,
				54C1F614288A8FB3001DA380 /* MainViewController.swift in Sources */,
				544DC0B0288C074500D08379 /* UITableViewController+Extension.swift in Sources */,
				54C1F627288AB5D7001DA380 /* DetailViewController.swift in Sources */,
				544DC0B6288C19DD00D08379 /* UICollectionViewController+Extension.swift in Sources */,
				543B2A82288D026F00B21A8A /* UILabel+Extension.swift in Sources */,
				543B2A88288D28E800B21A8A /* CharacterInfo.swift in Sources */,
				544DC0B2288C114200D08379 /* UIColor+Extension.swift in Sources */,
				543B2A84288D027900B21A8A /* UIButton+Extension.swift in Sources */,
			);
			runOnlyForDeploymentPostprocessing = 0;
		};
/* End PBXSourcesBuildPhase section */

/* Begin PBXVariantGroup section */
		54C1F603288A77F7001DA380 /* Main.storyboard */ = {
			isa = PBXVariantGroup;
			children = (
				54C1F604288A77F7001DA380 /* Base */,
			);
			name = Main.storyboard;
			sourceTree = "<group>";
		};
		54C1F608288A77F7001DA380 /* LaunchScreen.storyboard */ = {
			isa = PBXVariantGroup;
			children = (
				54C1F609288A77F7001DA380 /* Base */,
			);
			name = LaunchScreen.storyboard;
			sourceTree = "<group>";
		};
/* End PBXVariantGroup section */

/* Begin XCBuildConfiguration section */
		54C1F60C288A77F7001DA380 /* Debug */ = {
			isa = XCBuildConfiguration;
			buildSettings = {
				ALWAYS_SEARCH_USER_PATHS = NO;
				CLANG_ANALYZER_NONNULL = YES;
				CLANG_ANALYZER_NUMBER_OBJECT_CONVERSION = YES_AGGRESSIVE;
				CLANG_CXX_LANGUAGE_STANDARD = "gnu++17";
				CLANG_ENABLE_MODULES = YES;
				CLANG_ENABLE_OBJC_ARC = YES;
				CLANG_ENABLE_OBJC_WEAK = YES;
				CLANG_WARN_BLOCK_CAPTURE_AUTORELEASING = YES;
				CLANG_WARN_BOOL_CONVERSION = YES;
				CLANG_WARN_COMMA = YES;
				CLANG_WARN_CONSTANT_CONVERSION = YES;
				CLANG_WARN_DEPRECATED_OBJC_IMPLEMENTATIONS = YES;
				CLANG_WARN_DIRECT_OBJC_ISA_USAGE = YES_ERROR;
				CLANG_WARN_DOCUMENTATION_COMMENTS = YES;
				CLANG_WARN_EMPTY_BODY = YES;
				CLANG_WARN_ENUM_CONVERSION = YES;
				CLANG_WARN_INFINITE_RECURSION = YES;
				CLANG_WARN_INT_CONVERSION = YES;
				CLANG_WARN_NON_LITERAL_NULL_CONVERSION = YES;
				CLANG_WARN_OBJC_IMPLICIT_RETAIN_SELF = YES;
				CLANG_WARN_OBJC_LITERAL_CONVERSION = YES;
				CLANG_WARN_OBJC_ROOT_CLASS = YES_ERROR;
				CLANG_WARN_QUOTED_INCLUDE_IN_FRAMEWORK_HEADER = YES;
				CLANG_WARN_RANGE_LOOP_ANALYSIS = YES;
				CLANG_WARN_STRICT_PROTOTYPES = YES;
				CLANG_WARN_SUSPICIOUS_MOVE = YES;
				CLANG_WARN_UNGUARDED_AVAILABILITY = YES_AGGRESSIVE;
				CLANG_WARN_UNREACHABLE_CODE = YES;
				CLANG_WARN__DUPLICATE_METHOD_MATCH = YES;
				COPY_PHASE_STRIP = NO;
				DEBUG_INFORMATION_FORMAT = dwarf;
				ENABLE_STRICT_OBJC_MSGSEND = YES;
				ENABLE_TESTABILITY = YES;
				GCC_C_LANGUAGE_STANDARD = gnu11;
				GCC_DYNAMIC_NO_PIC = NO;
				GCC_NO_COMMON_BLOCKS = YES;
				GCC_OPTIMIZATION_LEVEL = 0;
				GCC_PREPROCESSOR_DEFINITIONS = (
					"DEBUG=1",
					"$(inherited)",
				);
				GCC_WARN_64_TO_32_BIT_CONVERSION = YES;
				GCC_WARN_ABOUT_RETURN_TYPE = YES_ERROR;
				GCC_WARN_UNDECLARED_SELECTOR = YES;
				GCC_WARN_UNINITIALIZED_AUTOS = YES_AGGRESSIVE;
				GCC_WARN_UNUSED_FUNCTION = YES;
				GCC_WARN_UNUSED_VARIABLE = YES;
				IPHONEOS_DEPLOYMENT_TARGET = 15.5;
				MTL_ENABLE_DEBUG_INFO = INCLUDE_SOURCE;
				MTL_FAST_MATH = YES;
				ONLY_ACTIVE_ARCH = YES;
				SDKROOT = iphoneos;
				SWIFT_ACTIVE_COMPILATION_CONDITIONS = DEBUG;
				SWIFT_OPTIMIZATION_LEVEL = "-Onone";
			};
			name = Debug;
		};
		54C1F60D288A77F7001DA380 /* Release */ = {
			isa = XCBuildConfiguration;
			buildSettings = {
				ALWAYS_SEARCH_USER_PATHS = NO;
				CLANG_ANALYZER_NONNULL = YES;
				CLANG_ANALYZER_NUMBER_OBJECT_CONVERSION = YES_AGGRESSIVE;
				CLANG_CXX_LANGUAGE_STANDARD = "gnu++17";
				CLANG_ENABLE_MODULES = YES;
				CLANG_ENABLE_OBJC_ARC = YES;
				CLANG_ENABLE_OBJC_WEAK = YES;
				CLANG_WARN_BLOCK_CAPTURE_AUTORELEASING = YES;
				CLANG_WARN_BOOL_CONVERSION = YES;
				CLANG_WARN_COMMA = YES;
				CLANG_WARN_CONSTANT_CONVERSION = YES;
				CLANG_WARN_DEPRECATED_OBJC_IMPLEMENTATIONS = YES;
				CLANG_WARN_DIRECT_OBJC_ISA_USAGE = YES_ERROR;
				CLANG_WARN_DOCUMENTATION_COMMENTS = YES;
				CLANG_WARN_EMPTY_BODY = YES;
				CLANG_WARN_ENUM_CONVERSION = YES;
				CLANG_WARN_INFINITE_RECURSION = YES;
				CLANG_WARN_INT_CONVERSION = YES;
				CLANG_WARN_NON_LITERAL_NULL_CONVERSION = YES;
				CLANG_WARN_OBJC_IMPLICIT_RETAIN_SELF = YES;
				CLANG_WARN_OBJC_LITERAL_CONVERSION = YES;
				CLANG_WARN_OBJC_ROOT_CLASS = YES_ERROR;
				CLANG_WARN_QUOTED_INCLUDE_IN_FRAMEWORK_HEADER = YES;
				CLANG_WARN_RANGE_LOOP_ANALYSIS = YES;
				CLANG_WARN_STRICT_PROTOTYPES = YES;
				CLANG_WARN_SUSPICIOUS_MOVE = YES;
				CLANG_WARN_UNGUARDED_AVAILABILITY = YES_AGGRESSIVE;
				CLANG_WARN_UNREACHABLE_CODE = YES;
				CLANG_WARN__DUPLICATE_METHOD_MATCH = YES;
				COPY_PHASE_STRIP = NO;
				DEBUG_INFORMATION_FORMAT = "dwarf-with-dsym";
				ENABLE_NS_ASSERTIONS = NO;
				ENABLE_STRICT_OBJC_MSGSEND = YES;
				GCC_C_LANGUAGE_STANDARD = gnu11;
				GCC_NO_COMMON_BLOCKS = YES;
				GCC_WARN_64_TO_32_BIT_CONVERSION = YES;
				GCC_WARN_ABOUT_RETURN_TYPE = YES_ERROR;
				GCC_WARN_UNDECLARED_SELECTOR = YES;
				GCC_WARN_UNINITIALIZED_AUTOS = YES_AGGRESSIVE;
				GCC_WARN_UNUSED_FUNCTION = YES;
				GCC_WARN_UNUSED_VARIABLE = YES;
				IPHONEOS_DEPLOYMENT_TARGET = 15.5;
				MTL_ENABLE_DEBUG_INFO = NO;
				MTL_FAST_MATH = YES;
				SDKROOT = iphoneos;
				SWIFT_COMPILATION_MODE = wholemodule;
				SWIFT_OPTIMIZATION_LEVEL = "-O";
				VALIDATE_PRODUCT = YES;
			};
			name = Release;
		};
		54C1F60F288A77F7001DA380 /* Debug */ = {
			isa = XCBuildConfiguration;
			buildSettings = {
				ASSETCATALOG_COMPILER_APPICON_NAME = AppIcon;
				ASSETCATALOG_COMPILER_GLOBAL_ACCENT_COLOR_NAME = AccentColor;
				CODE_SIGN_STYLE = Automatic;
				CURRENT_PROJECT_VERSION = 1;
				GENERATE_INFOPLIST_FILE = YES;
				INFOPLIST_FILE = Tamagotchi/Info.plist;
				INFOPLIST_KEY_CFBundleDisplayName = "유승연";
				INFOPLIST_KEY_UIApplicationSupportsIndirectInputEvents = YES;
				INFOPLIST_KEY_UILaunchStoryboardName = LaunchScreen;
				INFOPLIST_KEY_UIMainStoryboardFile = Main;
				INFOPLIST_KEY_UISupportedInterfaceOrientations = UIInterfaceOrientationPortrait;
				INFOPLIST_KEY_UISupportedInterfaceOrientations_iPad = "UIInterfaceOrientationPortrait UIInterfaceOrientationPortraitUpsideDown UIInterfaceOrientationLandscapeLeft UIInterfaceOrientationLandscapeRight";
				INFOPLIST_KEY_UISupportedInterfaceOrientations_iPhone = "UIInterfaceOrientationPortrait UIInterfaceOrientationLandscapeLeft UIInterfaceOrientationLandscapeRight";
				IPHONEOS_DEPLOYMENT_TARGET = 15.0;
				LD_RUNPATH_SEARCH_PATHS = (
					"$(inherited)",
					"@executable_path/Frameworks",
				);
				MARKETING_VERSION = 1.0;
				PRODUCT_BUNDLE_IDENTIFIER = michelle.Tamagotchi;
				PRODUCT_NAME = "$(TARGET_NAME)";
				SWIFT_EMIT_LOC_STRINGS = YES;
				SWIFT_VERSION = 5.0;
				TARGETED_DEVICE_FAMILY = 1;
			};
			name = Debug;
		};
		54C1F610288A77F7001DA380 /* Release */ = {
			isa = XCBuildConfiguration;
			buildSettings = {
				ASSETCATALOG_COMPILER_APPICON_NAME = AppIcon;
				ASSETCATALOG_COMPILER_GLOBAL_ACCENT_COLOR_NAME = AccentColor;
				CODE_SIGN_STYLE = Automatic;
				CURRENT_PROJECT_VERSION = 1;
				GENERATE_INFOPLIST_FILE = YES;
				INFOPLIST_FILE = Tamagotchi/Info.plist;
				INFOPLIST_KEY_CFBundleDisplayName = "유승연";
				INFOPLIST_KEY_UIApplicationSupportsIndirectInputEvents = YES;
				INFOPLIST_KEY_UILaunchStoryboardName = LaunchScreen;
				INFOPLIST_KEY_UIMainStoryboardFile = Main;
				INFOPLIST_KEY_UISupportedInterfaceOrientations = UIInterfaceOrientationPortrait;
				INFOPLIST_KEY_UISupportedInterfaceOrientations_iPad = "UIInterfaceOrientationPortrait UIInterfaceOrientationPortraitUpsideDown UIInterfaceOrientationLandscapeLeft UIInterfaceOrientationLandscapeRight";
				INFOPLIST_KEY_UISupportedInterfaceOrientations_iPhone = "UIInterfaceOrientationPortrait UIInterfaceOrientationLandscapeLeft UIInterfaceOrientationLandscapeRight";
				IPHONEOS_DEPLOYMENT_TARGET = 15.0;
				LD_RUNPATH_SEARCH_PATHS = (
					"$(inherited)",
					"@executable_path/Frameworks",
				);
				MARKETING_VERSION = 1.0;
				PRODUCT_BUNDLE_IDENTIFIER = michelle.Tamagotchi;
				PRODUCT_NAME = "$(TARGET_NAME)";
				SWIFT_EMIT_LOC_STRINGS = YES;
				SWIFT_VERSION = 5.0;
				TARGETED_DEVICE_FAMILY = 1;
			};
			name = Release;
		};
/* End XCBuildConfiguration section */

/* Begin XCConfigurationList section */
		54C1F5F5288A77F7001DA380 /* Build configuration list for PBXProject "Tamagotchi" */ = {
			isa = XCConfigurationList;
			buildConfigurations = (
				54C1F60C288A77F7001DA380 /* Debug */,
				54C1F60D288A77F7001DA380 /* Release */,
			);
			defaultConfigurationIsVisible = 0;
			defaultConfigurationName = Release;
		};
		54C1F60E288A77F7001DA380 /* Build configuration list for PBXNativeTarget "Tamagotchi" */ = {
			isa = XCConfigurationList;
			buildConfigurations = (
				54C1F60F288A77F7001DA380 /* Debug */,
				54C1F610288A77F7001DA380 /* Release */,
			);
			defaultConfigurationIsVisible = 0;
			defaultConfigurationName = Release;
		};
/* End XCConfigurationList section */

/* Begin XCRemoteSwiftPackageReference section */
		54A66E68288ED90500AD8205 /* XCRemoteSwiftPackageReference "IQKeyboardManager" */ = {
			isa = XCRemoteSwiftPackageReference;
			repositoryURL = "https://github.com/hackiftekhar/IQKeyboardManager";
			requirement = {
				kind = exactVersion;
				version = 6.5.0;
			};
		};
/* End XCRemoteSwiftPackageReference section */

/* Begin XCSwiftPackageProductDependency section */
		54A66E69288ED90500AD8205 /* IQKeyboardManagerSwift */ = {
			isa = XCSwiftPackageProductDependency;
			package = 54A66E68288ED90500AD8205 /* XCRemoteSwiftPackageReference "IQKeyboardManager" */;
			productName = IQKeyboardManagerSwift;
		};
/* End XCSwiftPackageProductDependency section */
	};
	rootObject = 54C1F5F2288A77F7001DA380 /* Project object */;
}
